
Microsoft Visual Studio Solution File, Format Version 12.00
# Visual Studio Version 17
VisualStudioVersion = 17.6.33829.357
MinimumVisualStudioVersion = 10.0.40219.1
Project("{9A19103F-16F7-4668-BE54-9A1E7A4F7556}") = "DotNetMastery_Web", "DotNetMastery_coreMVC\DotNetMastery_Web.csproj", "{97A8398E-7FEA-4160-88D6-19D13261DFFE}"
EndProject
Project("{FAE04EC0-301F-11D3-BF4B-00C04F79EFBC}") = "DotNetMastery_RazorProject", "DotNetMastery_RazorProject\DotNetMastery_RazorProject.csproj", "{FA378C09-E876-41FC-9014-0E7680E70286}"
EndProject
Global
	GlobalSection(SolutionConfigurationPlatforms) = preSolution
		Debug|Any CPU = Debug|Any CPU
		Release|Any CPU = Release|Any CPU
	EndGlobalSection
	GlobalSection(ProjectConfigurationPlatforms) = postSolution
		{97A8398E-7FEA-4160-88D6-19D13261DFFE}.Debug|Any CPU.ActiveCfg = Debug|Any CPU
		{97A8398E-7FEA-4160-88D6-19D13261DFFE}.Debug|Any CPU.Build.0 = Debug|Any CPU
		{97A8398E-7FEA-4160-88D6-19D13261DFFE}.Release|Any CPU.ActiveCfg = Release|Any CPU
		{97A8398E-7FEA-4160-88D6-19D13261DFFE}.Release|Any CPU.Build.0 = Release|Any CPU
		{FA378C09-E876-41FC-9014-0E7680E70286}.Debug|Any CPU.ActiveCfg = Debug|Any CPU
		{FA378C09-E876-41FC-9014-0E7680E70286}.Debug|Any CPU.Build.0 = Debug|Any CPU
		{FA378C09-E876-41FC-9014-0E7680E70286}.Release|Any CPU.ActiveCfg = Release|Any CPU
		{FA378C09-E876-41FC-9014-0E7680E70286}.Release|Any CPU.Build.0 = Release|Any CPU
	EndGlobalSection
	GlobalSection(SolutionProperties) = preSolution
		HideSolutionNode = FALSE
	EndGlobalSection
	GlobalSection(ExtensibilityGlobals) = postSolution
		SolutionGuid = {2AE79607-53EB-4004-B7EA-AAD88D1847F5}
	EndGlobalSection
EndGlobal
